
Microsoft Visual Studio Solution File, Format Version 11.00
# Visual Studio 2010
Project("{FAE04EC0-301F-11D3-BF4B-00C04F79EFBC}") = "Display", "Display\Display.csproj", "{FEC4B415-58AD-4B86-B1BB-622B9713FB52}"
EndProject
Global
	GlobalSection(SolutionConfigurationPlatforms) = preSolution
		Debug|Any CPU = Debug|Any CPU
		Release|Any CPU = Release|Any CPU
	EndGlobalSection
	GlobalSection(ProjectConfigurationPlatforms) = postSolution
		{FEC4B415-58AD-4B86-B1BB-622B9713FB52}.Debug|Any CPU.ActiveCfg = Debug|Any CPU
		{FEC4B415-58AD-4B86-B1BB-622B9713FB52}.Debug|Any CPU.Build.0 = Debug|Any CPU
		{FEC4B415-58AD-4B86-B1BB-622B9713FB52}.Release|Any CPU.ActiveCfg = Release|Any CPU
		{FEC4B415-58AD-4B86-B1BB-622B9713FB52}.Release|Any CPU.Build.0 = Release|Any CPU
	EndGlobalSection
	GlobalSection(SolutionProperties) = preSolution
		HideSolutionNode = FALSE
	EndGlobalSection
EndGlobal
